// !$*UTF8*$!
{
	archiveVersion = 1;
	classes = {
	};
	objectVersion = 46;
	objects = {

/* Begin PBXBuildFile section */
		7202EB881AE5229900CF9AF5 /* GoMokuModel.swift in Sources */ = {isa = PBXBuildFile; fileRef = 7202EB871AE5229900CF9AF5 /* GoMokuModel.swift */; };
		72259F691AEF792000DE59C0 /* NewGameViewController.swift in Sources */ = {isa = PBXBuildFile; fileRef = 72259F681AEF791F00DE59C0 /* NewGameViewController.swift */; };
		72259F6B1AEF817100DE59C0 /* GameMenuViewController.swift in Sources */ = {isa = PBXBuildFile; fileRef = 72259F6A1AEF817100DE59C0 /* GameMenuViewController.swift */; };
		725E96611AEE8C620084BD55 /* GoMokuView.swift in Sources */ = {isa = PBXBuildFile; fileRef = 725E96601AEE8C620084BD55 /* GoMokuView.swift */; };
		72A35FD91B094302008D1B93 /* GCDAsyncSocket.m in Sources */ = {isa = PBXBuildFile; fileRef = 72A35FD61B094302008D1B93 /* GCDAsyncSocket.m */; };
		72A35FDC1B09D5EC008D1B93 /* TcpHandler.swift in Sources */ = {isa = PBXBuildFile; fileRef = 72A35FDB1B09D5EC008D1B93 /* TcpHandler.swift */; };
		72A35FDE1B09D605008D1B93 /* HostGameViewController.swift in Sources */ = {isa = PBXBuildFile; fileRef = 72A35FDD1B09D605008D1B93 /* HostGameViewController.swift */; };
		72A35FE01B09E451008D1B93 /* NetworkDelegate.swift in Sources */ = {isa = PBXBuildFile; fileRef = 72A35FDF1B09E451008D1B93 /* NetworkDelegate.swift */; };
		72A35FE21B09E84A008D1B93 /* JoinGameViewController.swift in Sources */ = {isa = PBXBuildFile; fileRef = 72A35FE11B09E84A008D1B93 /* JoinGameViewController.swift */; };
		72A35FE41B09EF8C008D1B93 /* MultiplayerViewController.swift in Sources */ = {isa = PBXBuildFile; fileRef = 72A35FE31B09EF8C008D1B93 /* MultiplayerViewController.swift */; };
		72A35FE61B0A6B39008D1B93 /* endGameViewController.swift in Sources */ = {isa = PBXBuildFile; fileRef = 72A35FE51B0A6B39008D1B93 /* endGameViewController.swift */; };
		72A35FE81B0A7BF8008D1B93 /* MultiplayerEndGameViewController.swift in Sources */ = {isa = PBXBuildFile; fileRef = 72A35FE71B0A7BF8008D1B93 /* MultiplayerEndGameViewController.swift */; };
		72C103441B07977D00DC30DA /* SettingsViewController.swift in Sources */ = {isa = PBXBuildFile; fileRef = 72C103431B07977D00DC30DA /* SettingsViewController.swift */; };
		72F623A51AE517ED00CD1E45 /* AppDelegate.swift in Sources */ = {isa = PBXBuildFile; fileRef = 72F623A41AE517ED00CD1E45 /* AppDelegate.swift */; };
		72F623AA1AE517ED00CD1E45 /* Main.storyboard in Resources */ = {isa = PBXBuildFile; fileRef = 72F623A81AE517ED00CD1E45 /* Main.storyboard */; };
		72F623AC1AE517ED00CD1E45 /* Images.xcassets in Resources */ = {isa = PBXBuildFile; fileRef = 72F623AB1AE517ED00CD1E45 /* Images.xcassets */; };
		72F623AF1AE517ED00CD1E45 /* LaunchScreen.xib in Resources */ = {isa = PBXBuildFile; fileRef = 72F623AD1AE517ED00CD1E45 /* LaunchScreen.xib */; };
		72F623BB1AE517ED00CD1E45 /* GoMokuTests.swift in Sources */ = {isa = PBXBuildFile; fileRef = 72F623BA1AE517ED00CD1E45 /* GoMokuTests.swift */; };
/* End PBXBuildFile section */

/* Begin PBXContainerItemProxy section */
		72F623B51AE517ED00CD1E45 /* PBXContainerItemProxy */ = {
			isa = PBXContainerItemProxy;
			containerPortal = 72F623971AE517ED00CD1E45 /* Project object */;
			proxyType = 1;
			remoteGlobalIDString = 72F6239E1AE517ED00CD1E45;
			remoteInfo = GoMoku;
		};
/* End PBXContainerItemProxy section */

/* Begin PBXFileReference section */
		7202EB871AE5229900CF9AF5 /* GoMokuModel.swift */ = {isa = PBXFileReference; fileEncoding = 4; lastKnownFileType = sourcecode.swift; path = GoMokuModel.swift; sourceTree = "<group>"; };
		72259F681AEF791F00DE59C0 /* NewGameViewController.swift */ = {isa = PBXFileReference; fileEncoding = 4; lastKnownFileType = sourcecode.swift; path = NewGameViewController.swift; sourceTree = "<group>"; };
		72259F6A1AEF817100DE59C0 /* GameMenuViewController.swift */ = {isa = PBXFileReference; fileEncoding = 4; lastKnownFileType = sourcecode.swift; path = GameMenuViewController.swift; sourceTree = "<group>"; };
		725E96601AEE8C620084BD55 /* GoMokuView.swift */ = {isa = PBXFileReference; fileEncoding = 4; lastKnownFileType = sourcecode.swift; path = GoMokuView.swift; sourceTree = "<group>"; };
		72A35FD31B094301008D1B93 /* GoMoku-Bridging-Header.h */ = {isa = PBXFileReference; lastKnownFileType = sourcecode.c.h; path = "GoMoku-Bridging-Header.h"; sourceTree = "<group>"; };
		72A35FD51B094302008D1B93 /* GCDAsyncSocket.h */ = {isa = PBXFileReference; fileEncoding = 4; lastKnownFileType = sourcecode.c.h; path = GCDAsyncSocket.h; sourceTree = "<group>"; };
		72A35FD61B094302008D1B93 /* GCDAsyncSocket.m */ = {isa = PBXFileReference; fileEncoding = 4; lastKnownFileType = sourcecode.c.objc; path = GCDAsyncSocket.m; sourceTree = "<group>"; };
		72A35FDB1B09D5EC008D1B93 /* TcpHandler.swift */ = {isa = PBXFileReference; fileEncoding = 4; lastKnownFileType = sourcecode.swift; path = TcpHandler.swift; sourceTree = "<group>"; };
		72A35FDD1B09D605008D1B93 /* HostGameViewController.swift */ = {isa = PBXFileReference; fileEncoding = 4; lastKnownFileType = sourcecode.swift; path = HostGameViewController.swift; sourceTree = "<group>"; };
		72A35FDF1B09E451008D1B93 /* NetworkDelegate.swift */ = {isa = PBXFileReference; fileEncoding = 4; lastKnownFileType = sourcecode.swift; path = NetworkDelegate.swift; sourceTree = "<group>"; };
		72A35FE11B09E84A008D1B93 /* JoinGameViewController.swift */ = {isa = PBXFileReference; fileEncoding = 4; lastKnownFileType = sourcecode.swift; path = JoinGameViewController.swift; sourceTree = "<group>"; };
		72A35FE31B09EF8C008D1B93 /* MultiplayerViewController.swift */ = {isa = PBXFileReference; fileEncoding = 4; lastKnownFileType = sourcecode.swift; path = MultiplayerViewController.swift; sourceTree = "<group>"; };
		72A35FE51B0A6B39008D1B93 /* endGameViewController.swift */ = {isa = PBXFileReference; fileEncoding = 4; lastKnownFileType = sourcecode.swift; path = endGameViewController.swift; sourceTree = "<group>"; };
		72A35FE71B0A7BF8008D1B93 /* MultiplayerEndGameViewController.swift */ = {isa = PBXFileReference; fileEncoding = 4; lastKnownFileType = sourcecode.swift; path = MultiplayerEndGameViewController.swift; sourceTree = "<group>"; };
		72C103431B07977D00DC30DA /* SettingsViewController.swift */ = {isa = PBXFileReference; fileEncoding = 4; lastKnownFileType = sourcecode.swift; path = SettingsViewController.swift; sourceTree = "<group>"; };
		72F6239F1AE517ED00CD1E45 /* GoMoku.app */ = {isa = PBXFileReference; explicitFileType = wrapper.application; includeInIndex = 0; path = GoMoku.app; sourceTree = BUILT_PRODUCTS_DIR; };
		72F623A31AE517ED00CD1E45 /* Info.plist */ = {isa = PBXFileReference; lastKnownFileType = text.plist.xml; path = Info.plist; sourceTree = "<group>"; };
		72F623A41AE517ED00CD1E45 /* AppDelegate.swift */ = {isa = PBXFileReference; lastKnownFileType = sourcecode.swift; path = AppDelegate.swift; sourceTree = "<group>"; };
		72F623A91AE517ED00CD1E45 /* Base */ = {isa = PBXFileReference; lastKnownFileType = file.storyboard; name = Base; path = Base.lproj/Main.storyboard; sourceTree = "<group>"; };
		72F623AB1AE517ED00CD1E45 /* Images.xcassets */ = {isa = PBXFileReference; lastKnownFileType = folder.assetcatalog; path = Images.xcassets; sourceTree = "<group>"; };
		72F623AE1AE517ED00CD1E45 /* Base */ = {isa = PBXFileReference; lastKnownFileType = file.xib; name = Base; path = Base.lproj/LaunchScreen.xib; sourceTree = "<group>"; };
		72F623B41AE517ED00CD1E45 /* GoMokuTests.xctest */ = {isa = PBXFileReference; explicitFileType = wrapper.cfbundle; includeInIndex = 0; path = GoMokuTests.xctest; sourceTree = BUILT_PRODUCTS_DIR; };
		72F623B91AE517ED00CD1E45 /* Info.plist */ = {isa = PBXFileReference; lastKnownFileType = text.plist.xml; path = Info.plist; sourceTree = "<group>"; };
		72F623BA1AE517ED00CD1E45 /* GoMokuTests.swift */ = {isa = PBXFileReference; lastKnownFileType = sourcecode.swift; path = GoMokuTests.swift; sourceTree = "<group>"; };
/* End PBXFileReference section */

/* Begin PBXFrameworksBuildPhase section */
		72F6239C1AE517ED00CD1E45 /* Frameworks */ = {
			isa = PBXFrameworksBuildPhase;
			buildActionMask = 2147483647;
			files = (
			);
			runOnlyForDeploymentPostprocessing = 0;
		};
		72F623B11AE517ED00CD1E45 /* Frameworks */ = {
			isa = PBXFrameworksBuildPhase;
			buildActionMask = 2147483647;
			files = (
			);
			runOnlyForDeploymentPostprocessing = 0;
		};
/* End PBXFrameworksBuildPhase section */

/* Begin PBXGroup section */
		72A35FDA1B094321008D1B93 /* Networking */ = {
			isa = PBXGroup;
			children = (
				72A35FDB1B09D5EC008D1B93 /* TcpHandler.swift */,
				72A35FD51B094302008D1B93 /* GCDAsyncSocket.h */,
				72A35FD61B094302008D1B93 /* GCDAsyncSocket.m */,
				72A35FD31B094301008D1B93 /* GoMoku-Bridging-Header.h */,
			);
			name = Networking;
			sourceTree = "<group>";
		};
		72F623961AE517ED00CD1E45 = {
			isa = PBXGroup;
			children = (
				72A35FE71B0A7BF8008D1B93 /* MultiplayerEndGameViewController.swift */,
				72F623A11AE517ED00CD1E45 /* GoMoku */,
				72F623B71AE517ED00CD1E45 /* GoMokuTests */,
				72F623A01AE517ED00CD1E45 /* Products */,
			);
			sourceTree = "<group>";
		};
		72F623A01AE517ED00CD1E45 /* Products */ = {
			isa = PBXGroup;
			children = (
				72F6239F1AE517ED00CD1E45 /* GoMoku.app */,
				72F623B41AE517ED00CD1E45 /* GoMokuTests.xctest */,
			);
			name = Products;
			sourceTree = "<group>";
		};
		72F623A11AE517ED00CD1E45 /* GoMoku */ = {
			isa = PBXGroup;
			children = (
				72F623A41AE517ED00CD1E45 /* AppDelegate.swift */,
				7202EB871AE5229900CF9AF5 /* GoMokuModel.swift */,
				72F623A81AE517ED00CD1E45 /* Main.storyboard */,
				72A35FE51B0A6B39008D1B93 /* endGameViewController.swift */,
				72A35FE31B09EF8C008D1B93 /* MultiplayerViewController.swift */,
				72A35FDF1B09E451008D1B93 /* NetworkDelegate.swift */,
				72A35FDD1B09D605008D1B93 /* HostGameViewController.swift */,
				72A35FE11B09E84A008D1B93 /* JoinGameViewController.swift */,
				72259F6A1AEF817100DE59C0 /* GameMenuViewController.swift */,
				72C103431B07977D00DC30DA /* SettingsViewController.swift */,
				72259F681AEF791F00DE59C0 /* NewGameViewController.swift */,
				725E96601AEE8C620084BD55 /* GoMokuView.swift */,
				72A35FDA1B094321008D1B93 /* Networking */,
				72F623AB1AE517ED00CD1E45 /* Images.xcassets */,
				72F623AD1AE517ED00CD1E45 /* LaunchScreen.xib */,
				72F623A21AE517ED00CD1E45 /* Supporting Files */,
			);
			path = GoMoku;
			sourceTree = "<group>";
		};
		72F623A21AE517ED00CD1E45 /* Supporting Files */ = {
			isa = PBXGroup;
			children = (
				72F623A31AE517ED00CD1E45 /* Info.plist */,
			);
			name = "Supporting Files";
			sourceTree = "<group>";
		};
		72F623B71AE517ED00CD1E45 /* GoMokuTests */ = {
			isa = PBXGroup;
			children = (
				72F623BA1AE517ED00CD1E45 /* GoMokuTests.swift */,
				72F623B81AE517ED00CD1E45 /* Supporting Files */,
			);
			path = GoMokuTests;
			sourceTree = "<group>";
		};
		72F623B81AE517ED00CD1E45 /* Supporting Files */ = {
			isa = PBXGroup;
			children = (
				72F623B91AE517ED00CD1E45 /* Info.plist */,
			);
			name = "Supporting Files";
			sourceTree = "<group>";
		};
/* End PBXGroup section */

/* Begin PBXNativeTarget section */
		72F6239E1AE517ED00CD1E45 /* GoMoku */ = {
			isa = PBXNativeTarget;
			buildConfigurationList = 72F623BE1AE517ED00CD1E45 /* Build configuration list for PBXNativeTarget "GoMoku" */;
			buildPhases = (
				72F6239B1AE517ED00CD1E45 /* Sources */,
				72F6239C1AE517ED00CD1E45 /* Frameworks */,
				72F6239D1AE517ED00CD1E45 /* Resources */,
			);
			buildRules = (
			);
			dependencies = (
			);
			name = GoMoku;
			productName = GoMoku;
			productReference = 72F6239F1AE517ED00CD1E45 /* GoMoku.app */;
			productType = "com.apple.product-type.application";
		};
		72F623B31AE517ED00CD1E45 /* GoMokuTests */ = {
			isa = PBXNativeTarget;
			buildConfigurationList = 72F623C11AE517ED00CD1E45 /* Build configuration list for PBXNativeTarget "GoMokuTests" */;
			buildPhases = (
				72F623B01AE517ED00CD1E45 /* Sources */,
				72F623B11AE517ED00CD1E45 /* Frameworks */,
				72F623B21AE517ED00CD1E45 /* Resources */,
			);
			buildRules = (
			);
			dependencies = (
				72F623B61AE517ED00CD1E45 /* PBXTargetDependency */,
			);
			name = GoMokuTests;
			productName = GoMokuTests;
			productReference = 72F623B41AE517ED00CD1E45 /* GoMokuTests.xctest */;
			productType = "com.apple.product-type.bundle.unit-test";
		};
/* End PBXNativeTarget section */

/* Begin PBXProject section */
		72F623971AE517ED00CD1E45 /* Project object */ = {
			isa = PBXProject;
			attributes = {
				LastUpgradeCheck = 0630;
				ORGANIZATIONNAME = "Herold Kristóf";
				TargetAttributes = {
					72F6239E1AE517ED00CD1E45 = {
						CreatedOnToolsVersion = 6.3;
						DevelopmentTeam = 3PKRW86A3H;
						SystemCapabilities = {
							com.apple.GameCenter = {
								enabled = 0;
							};
						};
					};
					72F623B31AE517ED00CD1E45 = {
						CreatedOnToolsVersion = 6.3;
						TestTargetID = 72F6239E1AE517ED00CD1E45;
					};
				};
			};
			buildConfigurationList = 72F6239A1AE517ED00CD1E45 /* Build configuration list for PBXProject "GoMoku" */;
			compatibilityVersion = "Xcode 3.2";
			developmentRegion = English;
			hasScannedForEncodings = 0;
			knownRegions = (
				en,
				Base,
			);
			mainGroup = 72F623961AE517ED00CD1E45;
			productRefGroup = 72F623A01AE517ED00CD1E45 /* Products */;
			projectDirPath = "";
			projectRoot = "";
			targets = (
				72F6239E1AE517ED00CD1E45 /* GoMoku */,
				72F623B31AE517ED00CD1E45 /* GoMokuTests */,
			);
		};
/* End PBXProject section */

/* Begin PBXResourcesBuildPhase section */
		72F6239D1AE517ED00CD1E45 /* Resources */ = {
			isa = PBXResourcesBuildPhase;
			buildActionMask = 2147483647;
			files = (
				72F623AA1AE517ED00CD1E45 /* Main.storyboard in Resources */,
				72F623AF1AE517ED00CD1E45 /* LaunchScreen.xib in Resources */,
				72F623AC1AE517ED00CD1E45 /* Images.xcassets in Resources */,
			);
			runOnlyForDeploymentPostprocessing = 0;
		};
		72F623B21AE517ED00CD1E45 /* Resources */ = {
			isa = PBXResourcesBuildPhase;
			buildActionMask = 2147483647;
			files = (
			);
			runOnlyForDeploymentPostprocessing = 0;
		};
/* End PBXResourcesBuildPhase section */

/* Begin PBXSourcesBuildPhase section */
		72F6239B1AE517ED00CD1E45 /* Sources */ = {
			isa = PBXSourcesBuildPhase;
			buildActionMask = 2147483647;
			files = (
				72A35FE21B09E84A008D1B93 /* JoinGameViewController.swift in Sources */,
				72A35FE41B09EF8C008D1B93 /* MultiplayerViewController.swift in Sources */,
				72A35FDC1B09D5EC008D1B93 /* TcpHandler.swift in Sources */,
				72A35FE01B09E451008D1B93 /* NetworkDelegate.swift in Sources */,
				72A35FE61B0A6B39008D1B93 /* endGameViewController.swift in Sources */,
				72259F6B1AEF817100DE59C0 /* GameMenuViewController.swift in Sources */,
				72A35FDE1B09D605008D1B93 /* HostGameViewController.swift in Sources */,
				72A35FE81B0A7BF8008D1B93 /* MultiplayerEndGameViewController.swift in Sources */,
				725E96611AEE8C620084BD55 /* GoMokuView.swift in Sources */,
				72C103441B07977D00DC30DA /* SettingsViewController.swift in Sources */,
				72F623A51AE517ED00CD1E45 /* AppDelegate.swift in Sources */,
				7202EB881AE5229900CF9AF5 /* GoMokuModel.swift in Sources */,
				72A35FD91B094302008D1B93 /* GCDAsyncSocket.m in Sources */,
				72259F691AEF792000DE59C0 /* NewGameViewController.swift in Sources */,
			);
			runOnlyForDeploymentPostprocessing = 0;
		};
		72F623B01AE517ED00CD1E45 /* Sources */ = {
			isa = PBXSourcesBuildPhase;
			buildActionMask = 2147483647;
			files = (
				72F623BB1AE517ED00CD1E45 /* GoMokuTests.swift in Sources */,
			);
			runOnlyForDeploymentPostprocessing = 0;
		};
/* End PBXSourcesBuildPhase section */

/* Begin PBXTargetDependency section */
		72F623B61AE517ED00CD1E45 /* PBXTargetDependency */ = {
			isa = PBXTargetDependency;
			target = 72F6239E1AE517ED00CD1E45 /* GoMoku */;
			targetProxy = 72F623B51AE517ED00CD1E45 /* PBXContainerItemProxy */;
		};
/* End PBXTargetDependency section */

/* Begin PBXVariantGroup section */
		72F623A81AE517ED00CD1E45 /* Main.storyboard */ = {
			isa = PBXVariantGroup;
			children = (
				72F623A91AE517ED00CD1E45 /* Base */,
			);
			name = Main.storyboard;
			sourceTree = "<group>";
		};
		72F623AD1AE517ED00CD1E45 /* LaunchScreen.xib */ = {
			isa = PBXVariantGroup;
			children = (
				72F623AE1AE517ED00CD1E45 /* Base */,
			);
			name = LaunchScreen.xib;
			sourceTree = "<group>";
		};
/* End PBXVariantGroup section */

/* Begin XCBuildConfiguration section */
		72F623BC1AE517ED00CD1E45 /* Debug */ = {
			isa = XCBuildConfiguration;
			buildSettings = {
				ALWAYS_SEARCH_USER_PATHS = NO;
				CLANG_CXX_LANGUAGE_STANDARD = "gnu++0x";
				CLANG_CXX_LIBRARY = "libc++";
				CLANG_ENABLE_MODULES = YES;
				CLANG_ENABLE_OBJC_ARC = YES;
				CLANG_WARN_BOOL_CONVERSION = YES;
				CLANG_WARN_CONSTANT_CONVERSION = YES;
				CLANG_WARN_DIRECT_OBJC_ISA_USAGE = YES_ERROR;
				CLANG_WARN_EMPTY_BODY = YES;
				CLANG_WARN_ENUM_CONVERSION = YES;
				CLANG_WARN_INT_CONVERSION = YES;
				CLANG_WARN_OBJC_ROOT_CLASS = YES_ERROR;
				CLANG_WARN_UNREACHABLE_CODE = YES;
				CLANG_WARN__DUPLICATE_METHOD_MATCH = YES;
				"CODE_SIGN_IDENTITY[sdk=iphoneos*]" = "iPhone Developer";
				COPY_PHASE_STRIP = NO;
				DEBUG_INFORMATION_FORMAT = "dwarf-with-dsym";
				ENABLE_STRICT_OBJC_MSGSEND = YES;
				GCC_C_LANGUAGE_STANDARD = gnu99;
				GCC_DYNAMIC_NO_PIC = NO;
				GCC_NO_COMMON_BLOCKS = YES;
				GCC_OPTIMIZATION_LEVEL = 0;
				GCC_PREPROCESSOR_DEFINITIONS = (
					"DEBUG=1",
					"$(inherited)",
				);
				GCC_SYMBOLS_PRIVATE_EXTERN = NO;
				GCC_WARN_64_TO_32_BIT_CONVERSION = YES;
				GCC_WARN_ABOUT_RETURN_TYPE = YES_ERROR;
				GCC_WARN_UNDECLARED_SELECTOR = YES;
				GCC_WARN_UNINITIALIZED_AUTOS = YES_AGGRESSIVE;
				GCC_WARN_UNUSED_FUNCTION = YES;
				GCC_WARN_UNUSED_VARIABLE = YES;
				IPHONEOS_DEPLOYMENT_TARGET = 8.1;
				MTL_ENABLE_DEBUG_INFO = YES;
				ONLY_ACTIVE_ARCH = YES;
				SDKROOT = iphoneos;
				SWIFT_OPTIMIZATION_LEVEL = "-Onone";
				TARGETED_DEVICE_FAMILY = "1,2";
			};
			name = Debug;
		};
		72F623BD1AE517ED00CD1E45 /* Release */ = {
			isa = XCBuildConfiguration;
			buildSettings = {
				ALWAYS_SEARCH_USER_PATHS = NO;
				CLANG_CXX_LANGUAGE_STANDARD = "gnu++0x";
				CLANG_CXX_LIBRARY = "libc++";
				CLANG_ENABLE_MODULES = YES;
				CLANG_ENABLE_OBJC_ARC = YES;
				CLANG_WARN_BOOL_CONVERSION = YES;
				CLANG_WARN_CONSTANT_CONVERSION = YES;
				CLANG_WARN_DIRECT_OBJC_ISA_USAGE = YES_ERROR;
				CLANG_WARN_EMPTY_BODY = YES;
				CLANG_WARN_ENUM_CONVERSION = YES;
				CLANG_WARN_INT_CONVERSION = YES;
				CLANG_WARN_OBJC_ROOT_CLASS = YES_ERROR;
				CLANG_WARN_UNREACHABLE_CODE = YES;
				CLANG_WARN__DUPLICATE_METHOD_MATCH = YES;
				"CODE_SIGN_IDENTITY[sdk=iphoneos*]" = "iPhone Developer";
				COPY_PHASE_STRIP = NO;
				DEBUG_INFORMATION_FORMAT = "dwarf-with-dsym";
				ENABLE_NS_ASSERTIONS = NO;
				ENABLE_STRICT_OBJC_MSGSEND = YES;
				GCC_C_LANGUAGE_STANDARD = gnu99;
				GCC_NO_COMMON_BLOCKS = YES;
				GCC_WARN_64_TO_32_BIT_CONVERSION = YES;
				GCC_WARN_ABOUT_RETURN_TYPE = YES_ERROR;
				GCC_WARN_UNDECLARED_SELECTOR = YES;
				GCC_WARN_UNINITIALIZED_AUTOS = YES_AGGRESSIVE;
				GCC_WARN_UNUSED_FUNCTION = YES;
				GCC_WARN_UNUSED_VARIABLE = YES;
				IPHONEOS_DEPLOYMENT_TARGET = 8.1;
				MTL_ENABLE_DEBUG_INFO = NO;
				SDKROOT = iphoneos;
				TARGETED_DEVICE_FAMILY = "1,2";
				VALIDATE_PRODUCT = YES;
			};
			name = Release;
		};
		72F623BF1AE517ED00CD1E45 /* Debug */ = {
			isa = XCBuildConfiguration;
			buildSettings = {
				ASSETCATALOG_COMPILER_APPICON_NAME = AppIcon;
				CLANG_ENABLE_MODULES = YES;
				CODE_SIGN_IDENTITY = "iPhone Developer";
				INFOPLIST_FILE = GoMoku/Info.plist;
				IPHONEOS_DEPLOYMENT_TARGET = 8.1;
				LD_RUNPATH_SEARCH_PATHS = "$(inherited) @executable_path/Frameworks";
				PRODUCT_NAME = "$(TARGET_NAME)";
				SWIFT_OBJC_BRIDGING_HEADER = "GoMoku/GoMoku-Bridging-Header.h";
				SWIFT_OPTIMIZATION_LEVEL = "-Onone";
				TARGETED_DEVICE_FAMILY = "1,2";
			};
			name = Debug;
		};
		72F623C01AE517ED00CD1E45 /* Release */ = {
			isa = XCBuildConfiguration;
			buildSettings = {
				ASSETCATALOG_COMPILER_APPICON_NAME = AppIcon;
				CLANG_ENABLE_MODULES = YES;
				CODE_SIGN_IDENTITY = "iPhone Developer";
				INFOPLIST_FILE = GoMoku/Info.plist;
				IPHONEOS_DEPLOYMENT_TARGET = 8.1;
				LD_RUNPATH_SEARCH_PATHS = "$(inherited) @executable_path/Frameworks";
				PRODUCT_NAME = "$(TARGET_NAME)";
				SWIFT_OBJC_BRIDGING_HEADER = "GoMoku/GoMoku-Bridging-Header.h";
				TARGETED_DEVICE_FAMILY = "1,2";
			};
			name = Release;
		};
		72F623C21AE517ED00CD1E45 /* Debug */ = {
			isa = XCBuildConfiguration;
			buildSettings = {
				BUNDLE_LOADER = "$(TEST_HOST)";
				FRAMEWORK_SEARCH_PATHS = (
					"$(SDKROOT)/Developer/Library/Frameworks",
					"$(inherited)",
				);
				GCC_PREPROCESSOR_DEFINITIONS = (
					"DEBUG=1",
					"$(inherited)",
				);
				INFOPLIST_FILE = GoMokuTests/Info.plist;
				LD_RUNPATH_SEARCH_PATHS = "$(inherited) @executable_path/Frameworks @loader_path/Frameworks";
				PRODUCT_NAME = "$(TARGET_NAME)";
				TEST_HOST = "$(BUILT_PRODUCTS_DIR)/GoMoku.app/GoMoku";
			};
			name = Debug;
		};
		72F623C31AE517ED00CD1E45 /* Release */ = {
			isa = XCBuildConfiguration;
			buildSettings = {
				BUNDLE_LOADER = "$(TEST_HOST)";
				FRAMEWORK_SEARCH_PATHS = (
					"$(SDKROOT)/Developer/Library/Frameworks",
					"$(inherited)",
				);
				INFOPLIST_FILE = GoMokuTests/Info.plist;
				LD_RUNPATH_SEARCH_PATHS = "$(inherited) @executable_path/Frameworks @loader_path/Frameworks";
				PRODUCT_NAME = "$(TARGET_NAME)";
				TEST_HOST = "$(BUILT_PRODUCTS_DIR)/GoMoku.app/GoMoku";
			};
			name = Release;
		};
/* End XCBuildConfiguration section */

/* Begin XCConfigurationList section */
		72F6239A1AE517ED00CD1E45 /* Build configuration list for PBXProject "GoMoku" */ = {
			isa = XCConfigurationList;
			buildConfigurations = (
				72F623BC1AE517ED00CD1E45 /* Debug */,
				72F623BD1AE517ED00CD1E45 /* Release */,
			);
			defaultConfigurationIsVisible = 0;
			defaultConfigurationName = Release;
		};
		72F623BE1AE517ED00CD1E45 /* Build configuration list for PBXNativeTarget "GoMoku" */ = {
			isa = XCConfigurationList;
			buildConfigurations = (
				72F623BF1AE517ED00CD1E45 /* Debug */,
				72F623C01AE517ED00CD1E45 /* Release */,
			);
			defaultConfigurationIsVisible = 0;
			defaultConfigurationName = Release;
		};
		72F623C11AE517ED00CD1E45 /* Build configuration list for PBXNativeTarget "GoMokuTests" */ = {
			isa = XCConfigurationList;
			buildConfigurations = (
				72F623C21AE517ED00CD1E45 /* Debug */,
				72F623C31AE517ED00CD1E45 /* Release */,
			);
			defaultConfigurationIsVisible = 0;
			defaultConfigurationName = Release;
		};
/* End XCConfigurationList section */
	};
	rootObject = 72F623971AE517ED00CD1E45 /* Project object */;
}
